
Microsoft Visual Studio Solution File, Format Version 12.00
# Visual Studio Version 16
VisualStudioVersion = 16.0.30128.74
MinimumVisualStudioVersion = 10.0.40219.1
Project("{FAE04EC0-301F-11D3-BF4B-00C04F79EFBC}") = "TechAcadStudentsMVC", "TechAcadStudentsMVC\TechAcadStudentsMVC.csproj", "{F10670CA-F8A9-41C9-87F1-E0B30A35E3E3}"
EndProject
Global
	GlobalSection(SolutionConfigurationPlatforms) = preSolution
		Debug|Any CPU = Debug|Any CPU
		Release|Any CPU = Release|Any CPU
	EndGlobalSection
	GlobalSection(ProjectConfigurationPlatforms) = postSolution
		{F10670CA-F8A9-41C9-87F1-E0B30A35E3E3}.Debug|Any CPU.ActiveCfg = Debug|Any CPU
		{F10670CA-F8A9-41C9-87F1-E0B30A35E3E3}.Debug|Any CPU.Build.0 = Debug|Any CPU
		{F10670CA-F8A9-41C9-87F1-E0B30A35E3E3}.Release|Any CPU.ActiveCfg = Release|Any CPU
		{F10670CA-F8A9-41C9-87F1-E0B30A35E3E3}.Release|Any CPU.Build.0 = Release|Any CPU
	EndGlobalSection
	GlobalSection(SolutionProperties) = preSolution
		HideSolutionNode = FALSE
	EndGlobalSection
	GlobalSection(ExtensibilityGlobals) = postSolution
		SolutionGuid = {D960B719-6A36-4E28-B490-26CC9BEAE4D0}
	EndGlobalSection
EndGlobal
